{
  "name": "react-projects",
  "lockfileVersion": 3,
  "requires": true,
  "packages": {
    "": {
      "dependencies": {
        "locomotive-scroll": "^5.0.0-beta.12"
      }
    },
    "node_modules/@darkroom.engineering/tempus": {
      "version": "0.0.46",
      "resolved": "https://registry.npmjs.org/@darkroom.engineering/tempus/-/tempus-0.0.46.tgz",
      "integrity": "sha512-s5vav3KMHYezvUCl4ee5epg0oimF6M8C9gAaKxFnFaTvX2q3ywFDryIv6XLd0mRFUt3S1uHDJqKaiEcs2ZVSvw=="
    },
    "node_modules/clsx": {
      "version": "2.1.1",
      "resolved": "https://registry.npmjs.org/clsx/-/clsx-2.1.1.tgz",
      "integrity": "sha512-eYm0QWBtUrBWZWG0d386OGAw16Z995PiOVo2B7bjWSbHedGl5e0ZWaq65kOGgUSNesEIDkB9ISbTg/JK9dhCZA==",
      "engines": {
        "node": ">=6"
      }
    },
    "node_modules/lenis": {
      "version": "1.0.45",
      "resolved": "https://registry.npmjs.org/lenis/-/lenis-1.0.45.tgz",
      "integrity": "sha512-wiaYRxr7rK1rY+dhGdMLowV0rkjg+1B2nI50Igyu5USkjDY6lkBNCJi0mVaSL/X3ECyAm/oA0nsihq8ic3p9wg==",
      "dependencies": {
        "@darkroom.engineering/tempus": "^0.0.46",
        "clsx": "^2.1.0"
      },
      "funding": {
        "type": "github",
        "url": "https://github.com/sponsors/darkroomengineering"
      },
      "peerDependencies": {
        "react": ">=17.0.0",
        "react-dom": ">=17.0.0"
      },
      "peerDependenciesMeta": {
        "react": {
          "optional": true
        },
        "react-dom": {
          "optional": true
        }
      }
    },
    "node_modules/locomotive-scroll": {
      "version": "5.0.0-beta.12",
      "resolved": "https://registry.npmjs.org/locomotive-scroll/-/locomotive-scroll-5.0.0-beta.12.tgz",
      "integrity": "sha512-xtfgWBGzBGp1i3cY/12i07m/3OkOo/LyAv5ceiy4OkZuk+cNiM7APzgWwyOw4VppDH1P3DlZOCZrA7fhvnqXUA==",
      "dependencies": {
        "lenis": "^1.0.45"
      },
      "engines": {
        "node": ">=17"
      }
    }
  }
}
